
Microsoft Visual Studio Solution File, Format Version 12.00
# Visual Studio Version 17
VisualStudioVersion = 17.11.35312.102
MinimumVisualStudioVersion = 10.0.40219.1
Project("{FAE04EC0-301F-11D3-BF4B-00C04F79EFBC}") = "pr7", "pr7\pr7.csproj", "{BCFC29C9-CC5C-4A8D-808C-F7B69DBA6B73}"
EndProject
Global
	GlobalSection(SolutionConfigurationPlatforms) = preSolution
		Debug|Any CPU = Debug|Any CPU
		Release|Any CPU = Release|Any CPU
	EndGlobalSection
	GlobalSection(ProjectConfigurationPlatforms) = postSolution
		{BCFC29C9-CC5C-4A8D-808C-F7B69DBA6B73}.Debug|Any CPU.ActiveCfg = Debug|Any CPU
		{BCFC29C9-CC5C-4A8D-808C-F7B69DBA6B73}.Debug|Any CPU.Build.0 = Debug|Any CPU
		{BCFC29C9-CC5C-4A8D-808C-F7B69DBA6B73}.Release|Any CPU.ActiveCfg = Release|Any CPU
		{BCFC29C9-CC5C-4A8D-808C-F7B69DBA6B73}.Release|Any CPU.Build.0 = Release|Any CPU
	EndGlobalSection
	GlobalSection(SolutionProperties) = preSolution
		HideSolutionNode = FALSE
	EndGlobalSection
	GlobalSection(ExtensibilityGlobals) = postSolution
		SolutionGuid = {494D9697-FB97-40FA-A8BE-F74B0F272BE9}
	EndGlobalSection
EndGlobal
